
Microsoft Visual Studio Solution File, Format Version 12.00
# Visual Studio Version 16
VisualStudioVersion = 16.0.30104.148
MinimumVisualStudioVersion = 10.0.40219.1
Project("{2150E333-8FDC-42A3-9474-1A3956D46DE8}") = "Application", "Application", "{B9F9596D-A0A3-45FB-90B6-B90CF3667B2F}"
EndProject
Project("{2150E333-8FDC-42A3-9474-1A3956D46DE8}") = "Domain", "Domain", "{173185BF-E561-450C-80B9-A0CF08D5F301}"
EndProject
Project("{2150E333-8FDC-42A3-9474-1A3956D46DE8}") = "Infra.Data", "Infra.Data", "{690E9D60-130F-4434-9144-8B402475C5D8}"
EndProject
Project("{2150E333-8FDC-42A3-9474-1A3956D46DE8}") = "Infra.IoC", "Infra.IoC", "{A8C4078D-768F-4AD6-91CB-56A7E6D327B3}"
EndProject
Project("{2150E333-8FDC-42A3-9474-1A3956D46DE8}") = "Presentation", "Presentation", "{BBA0F5BD-4818-4225-A2B5-A2C1FB0D5A0C}"
EndProject
Project("{9A19103F-16F7-4668-BE54-9A1E7A4F7556}") = "CleanArch.Mvc", "CleanArch.Mvc\CleanArch.Mvc.csproj", "{A23080BA-2D18-4076-8885-8326D54E0E21}"
EndProject
Project("{9A19103F-16F7-4668-BE54-9A1E7A4F7556}") = "CleanArch.Domain", "CleanArch.Domain\CleanArch.Domain.csproj", "{CF4F17A4-10AD-4054-93CD-BBE58555D2C0}"
EndProject
Project("{9A19103F-16F7-4668-BE54-9A1E7A4F7556}") = "CleanArch.Infra.Data", "CleanArch.Infra.Data\CleanArch.Infra.Data.csproj", "{BAF63A85-2B26-4EDF-82EE-1C37AC8C81DE}"
EndProject
Project("{FAE04EC0-301F-11D3-BF4B-00C04F79EFBC}") = "CleanArch.Application", "CleanArch.Application\CleanArch.Application.csproj", "{2ED517A6-ED1A-4CC9-9F4A-219FBFCF9B6A}"
EndProject
Project("{FAE04EC0-301F-11D3-BF4B-00C04F79EFBC}") = "CleanArch.Infra.IoC", "CleanArch.Infra.IoC\CleanArch.Infra.IoC.csproj", "{F0A474D0-4278-4B84-A431-BB862648C6CC}"
EndProject
Global
	GlobalSection(SolutionConfigurationPlatforms) = preSolution
		Debug|Any CPU = Debug|Any CPU
		Release|Any CPU = Release|Any CPU
	EndGlobalSection
	GlobalSection(ProjectConfigurationPlatforms) = postSolution
		{A23080BA-2D18-4076-8885-8326D54E0E21}.Debug|Any CPU.ActiveCfg = Debug|Any CPU
		{A23080BA-2D18-4076-8885-8326D54E0E21}.Debug|Any CPU.Build.0 = Debug|Any CPU
		{A23080BA-2D18-4076-8885-8326D54E0E21}.Release|Any CPU.ActiveCfg = Release|Any CPU
		{A23080BA-2D18-4076-8885-8326D54E0E21}.Release|Any CPU.Build.0 = Release|Any CPU
		{CF4F17A4-10AD-4054-93CD-BBE58555D2C0}.Debug|Any CPU.ActiveCfg = Debug|Any CPU
		{CF4F17A4-10AD-4054-93CD-BBE58555D2C0}.Debug|Any CPU.Build.0 = Debug|Any CPU
		{CF4F17A4-10AD-4054-93CD-BBE58555D2C0}.Release|Any CPU.ActiveCfg = Release|Any CPU
		{CF4F17A4-10AD-4054-93CD-BBE58555D2C0}.Release|Any CPU.Build.0 = Release|Any CPU
		{BAF63A85-2B26-4EDF-82EE-1C37AC8C81DE}.Debug|Any CPU.ActiveCfg = Debug|Any CPU
		{BAF63A85-2B26-4EDF-82EE-1C37AC8C81DE}.Debug|Any CPU.Build.0 = Debug|Any CPU
		{BAF63A85-2B26-4EDF-82EE-1C37AC8C81DE}.Release|Any CPU.ActiveCfg = Release|Any CPU
		{BAF63A85-2B26-4EDF-82EE-1C37AC8C81DE}.Release|Any CPU.Build.0 = Release|Any CPU
		{2ED517A6-ED1A-4CC9-9F4A-219FBFCF9B6A}.Debug|Any CPU.ActiveCfg = Debug|Any CPU
		{2ED517A6-ED1A-4CC9-9F4A-219FBFCF9B6A}.Debug|Any CPU.Build.0 = Debug|Any CPU
		{2ED517A6-ED1A-4CC9-9F4A-219FBFCF9B6A}.Release|Any CPU.ActiveCfg = Release|Any CPU
		{2ED517A6-ED1A-4CC9-9F4A-219FBFCF9B6A}.Release|Any CPU.Build.0 = Release|Any CPU
		{F0A474D0-4278-4B84-A431-BB862648C6CC}.Debug|Any CPU.ActiveCfg = Debug|Any CPU
		{F0A474D0-4278-4B84-A431-BB862648C6CC}.Debug|Any CPU.Build.0 = Debug|Any CPU
		{F0A474D0-4278-4B84-A431-BB862648C6CC}.Release|Any CPU.ActiveCfg = Release|Any CPU
		{F0A474D0-4278-4B84-A431-BB862648C6CC}.Release|Any CPU.Build.0 = Release|Any CPU
	EndGlobalSection
	GlobalSection(SolutionProperties) = preSolution
		HideSolutionNode = FALSE
	EndGlobalSection
	GlobalSection(NestedProjects) = preSolution
		{A23080BA-2D18-4076-8885-8326D54E0E21} = {BBA0F5BD-4818-4225-A2B5-A2C1FB0D5A0C}
		{CF4F17A4-10AD-4054-93CD-BBE58555D2C0} = {173185BF-E561-450C-80B9-A0CF08D5F301}
		{BAF63A85-2B26-4EDF-82EE-1C37AC8C81DE} = {690E9D60-130F-4434-9144-8B402475C5D8}
		{2ED517A6-ED1A-4CC9-9F4A-219FBFCF9B6A} = {B9F9596D-A0A3-45FB-90B6-B90CF3667B2F}
		{F0A474D0-4278-4B84-A431-BB862648C6CC} = {A8C4078D-768F-4AD6-91CB-56A7E6D327B3}
	EndGlobalSection
	GlobalSection(ExtensibilityGlobals) = postSolution
		SolutionGuid = {8DB0AE97-265C-4618-861D-DACBC9D5CAB9}
	EndGlobalSection
EndGlobal
